
Microsoft Visual Studio Solution File, Format Version 12.00
# Visual Studio 14
VisualStudioVersion = 14.0.25420.1
MinimumVisualStudioVersion = 10.0.40219.1
Project("{FAE04EC0-301F-11D3-BF4B-00C04F79EFBC}") = "HelloWorld", "Project1\HelloWorld.csproj", "{37CC20A6-C665-4A92-86AC-F67E09563007}"
EndProject
Global
	GlobalSection(SolutionConfigurationPlatforms) = preSolution
		Debug|Any CPU = Debug|Any CPU
		Release|Any CPU = Release|Any CPU
	EndGlobalSection
	GlobalSection(ProjectConfigurationPlatforms) = postSolution
		{37CC20A6-C665-4A92-86AC-F67E09563007}.Debug|Any CPU.ActiveCfg = Debug|Any CPU
		{37CC20A6-C665-4A92-86AC-F67E09563007}.Debug|Any CPU.Build.0 = Debug|Any CPU
		{37CC20A6-C665-4A92-86AC-F67E09563007}.Release|Any CPU.ActiveCfg = Release|Any CPU
		{37CC20A6-C665-4A92-86AC-F67E09563007}.Release|Any CPU.Build.0 = Release|Any CPU
	EndGlobalSection
	GlobalSection(SolutionProperties) = preSolution
		HideSolutionNode = FALSE
	EndGlobalSection
EndGlobal
